# THIS IS AN AUTOGENERATED FILE. DO NOT EDIT THIS FILE DIRECTLY.
# yarn lockfile v1


"@dbmate/darwin-arm64@2.5.0":
  version "2.5.0"
  resolved "https://registry.yarnpkg.com/@dbmate/darwin-arm64/-/darwin-arm64-2.5.0.tgz#07346d01696ba09256dde41b5219a5a3e4391cb4"
  integrity sha512-Z2FUQot8DRjjS/+1qgLq5iNbpCEn+QjW6oI9iAfb4/075NuVuOxbOiAGUxbRHr65iNaWX3FPiaLP0GaMLK6Rlw==

"@dbmate/darwin-x64@2.5.0":
  version "2.5.0"
  resolved "https://registry.yarnpkg.com/@dbmate/darwin-x64/-/darwin-x64-2.5.0.tgz#87c38600598a3bb7ad56e2a26d86668ed8e443de"
  integrity sha512-ot3FcLO74yWE2r95gavwCwPt7HCFTYjR+S0OClJBuz5GZ5Seon+Gz/vWf2YHwG3+J4v8hJltKdMVSE0pVKYnag==

"@dbmate/linux-arm64@2.5.0":
  version "2.5.0"
  resolved "https://registry.yarnpkg.com/@dbmate/linux-arm64/-/linux-arm64-2.5.0.tgz#f65b977b088dc0db2f6893f966c5343af987e1a8"
  integrity sha512-07DNXlLzfGjVtttpCKzFmK3u/W06wKuHeijevN7zMtnkYaMBGrME1UVtqokzJ5o30H2dNfl7Y49SZ0UQW0o7fg==

"@dbmate/linux-arm@2.5.0":
  version "2.5.0"
  resolved "https://registry.yarnpkg.com/@dbmate/linux-arm/-/linux-arm-2.5.0.tgz#074c3681907ed3319758e4cd9abde731defc13bb"
  integrity sha512-qxr0b85Zd8DlcZzlPbL4kTHzCoSxGYXCbaFCSUWAbkBPhCg7ECYDGlCjvXN53EE04TTicYJr7P57WKMQaoCpgg==

"@dbmate/linux-ia32@2.5.0":
  version "2.5.0"
  resolved "https://registry.yarnpkg.com/@dbmate/linux-ia32/-/linux-ia32-2.5.0.tgz#a25c773bb4d41739e828e5ef19d78bf4937346d7"
  integrity sha512-PA/8r1DM0ZezqiWDOFBKkMktQsTyFiwwrHDniGyddV7ngjyond8hVXauJ81ojrPlWtO5IZM1J9khmoZ7c0SVcA==

"@dbmate/linux-x64@2.5.0":
  version "2.5.0"
  resolved "https://registry.yarnpkg.com/@dbmate/linux-x64/-/linux-x64-2.5.0.tgz#ccd3f3e99413f26ffd91ee4afaec073ecce98963"
  integrity sha512-uajCJo2G+WX5fB3o/B9v+tm7eQTu3y4GPFweh4jZdRrA7FnAnKBOYrBH8im8mwaEtni4E5pkS4bbOUilviNvUQ==

"@dbmate/win32-x64@2.5.0":
  version "2.5.0"
  resolved "https://registry.yarnpkg.com/@dbmate/win32-x64/-/win32-x64-2.5.0.tgz#9de84757e52f12dbac8a6dc0f88fbd2475baab59"
  integrity sha512-eDfQ4Udx3wP3bX6aYZjNgylD1T7Kc5RH2Zvh3e7wiIo8BkBir3hvimfFSj2u4B0ddWguamtAXFNarJ4Ttb1FFA==

dbmate@^2.5.0:
  version "2.5.0"
  resolved "https://registry.yarnpkg.com/dbmate/-/dbmate-2.5.0.tgz#076cd91eedc1526c962e68d71dd85e792b9035d8"
  integrity sha512-ndyp4X4vBmc67x1pE/P5YKXQEPkSiLi4BmcwK4Mr7sZaDWvVJffC5O3ay+W8vMHZAlW4yC3WJXf2XeJMgUCW3g==
  optionalDependencies:
    "@dbmate/darwin-arm64" "2.5.0"
    "@dbmate/darwin-x64" "2.5.0"
    "@dbmate/linux-arm" "2.5.0"
    "@dbmate/linux-arm64" "2.5.0"
    "@dbmate/linux-ia32" "2.5.0"
    "@dbmate/linux-x64" "2.5.0"
    "@dbmate/win32-x64" "2.5.0"
